
Microsoft Visual Studio Solution File, Format Version 12.00
# Visual Studio 2012
Project("{FAE04EC0-301F-11D3-BF4B-00C04F79EFBC}") = "WebApp", "WebApp\WebApp.csproj", "{D9A4B406-8D9C-475D-9212-AC5F04142BA7}"
EndProject
Project("{FAE04EC0-301F-11D3-BF4B-00C04F79EFBC}") = "BL", "BL\BL.csproj", "{4B32A8A9-9EEE-412C-A8E1-5C80AD71F3AD}"
EndProject
Project("{FAE04EC0-301F-11D3-BF4B-00C04F79EFBC}") = "Entity", "Entity\Entity.csproj", "{79788C09-AE35-4334-BB6C-C274807FD541}"
EndProject
Project("{FAE04EC0-301F-11D3-BF4B-00C04F79EFBC}") = "AD", "AD\AD.csproj", "{82CB7A3D-D05E-4BEB-BB9B-E479E0F47F2C}"
EndProject
Global
	GlobalSection(SolutionConfigurationPlatforms) = preSolution
		Debug|Any CPU = Debug|Any CPU
		Release|Any CPU = Release|Any CPU
	EndGlobalSection
	GlobalSection(ProjectConfigurationPlatforms) = postSolution
		{D9A4B406-8D9C-475D-9212-AC5F04142BA7}.Debug|Any CPU.ActiveCfg = Debug|Any CPU
		{D9A4B406-8D9C-475D-9212-AC5F04142BA7}.Debug|Any CPU.Build.0 = Debug|Any CPU
		{D9A4B406-8D9C-475D-9212-AC5F04142BA7}.Release|Any CPU.ActiveCfg = Release|Any CPU
		{D9A4B406-8D9C-475D-9212-AC5F04142BA7}.Release|Any CPU.Build.0 = Release|Any CPU
		{4B32A8A9-9EEE-412C-A8E1-5C80AD71F3AD}.Debug|Any CPU.ActiveCfg = Debug|Any CPU
		{4B32A8A9-9EEE-412C-A8E1-5C80AD71F3AD}.Debug|Any CPU.Build.0 = Debug|Any CPU
		{4B32A8A9-9EEE-412C-A8E1-5C80AD71F3AD}.Release|Any CPU.ActiveCfg = Release|Any CPU
		{4B32A8A9-9EEE-412C-A8E1-5C80AD71F3AD}.Release|Any CPU.Build.0 = Release|Any CPU
		{79788C09-AE35-4334-BB6C-C274807FD541}.Debug|Any CPU.ActiveCfg = Debug|Any CPU
		{79788C09-AE35-4334-BB6C-C274807FD541}.Debug|Any CPU.Build.0 = Debug|Any CPU
		{79788C09-AE35-4334-BB6C-C274807FD541}.Release|Any CPU.ActiveCfg = Release|Any CPU
		{79788C09-AE35-4334-BB6C-C274807FD541}.Release|Any CPU.Build.0 = Release|Any CPU
		{82CB7A3D-D05E-4BEB-BB9B-E479E0F47F2C}.Debug|Any CPU.ActiveCfg = Debug|Any CPU
		{82CB7A3D-D05E-4BEB-BB9B-E479E0F47F2C}.Debug|Any CPU.Build.0 = Debug|Any CPU
		{82CB7A3D-D05E-4BEB-BB9B-E479E0F47F2C}.Release|Any CPU.ActiveCfg = Release|Any CPU
		{82CB7A3D-D05E-4BEB-BB9B-E479E0F47F2C}.Release|Any CPU.Build.0 = Release|Any CPU
	EndGlobalSection
	GlobalSection(SolutionProperties) = preSolution
		HideSolutionNode = FALSE
	EndGlobalSection
EndGlobal
